
Microsoft Visual Studio Solution File, Format Version 12.00
# Visual Studio 15
VisualStudioVersion = 15.0.28010.2046
MinimumVisualStudioVersion = 10.0.40219.1
Project("{FAE04EC0-301F-11D3-BF4B-00C04F79EFBC}") = "ChatRoom", "ChatRoom\ChatRoom.csproj", "{ABA186E1-5F9E-4E72-92D5-CC11F52BCCD1}"
EndProject
Project("{FAE04EC0-301F-11D3-BF4B-00C04F79EFBC}") = "MVC", "MVC\MVC.csproj", "{C8A08CEB-F302-475E-835D-047BED8129FE}"
EndProject
Global
	GlobalSection(SolutionConfigurationPlatforms) = preSolution
		Debug|Any CPU = Debug|Any CPU
		Release|Any CPU = Release|Any CPU
	EndGlobalSection
	GlobalSection(ProjectConfigurationPlatforms) = postSolution
		{ABA186E1-5F9E-4E72-92D5-CC11F52BCCD1}.Debug|Any CPU.ActiveCfg = Debug|Any CPU
		{ABA186E1-5F9E-4E72-92D5-CC11F52BCCD1}.Debug|Any CPU.Build.0 = Debug|Any CPU
		{ABA186E1-5F9E-4E72-92D5-CC11F52BCCD1}.Release|Any CPU.ActiveCfg = Release|Any CPU
		{ABA186E1-5F9E-4E72-92D5-CC11F52BCCD1}.Release|Any CPU.Build.0 = Release|Any CPU
		{C8A08CEB-F302-475E-835D-047BED8129FE}.Debug|Any CPU.ActiveCfg = Debug|Any CPU
		{C8A08CEB-F302-475E-835D-047BED8129FE}.Debug|Any CPU.Build.0 = Debug|Any CPU
		{C8A08CEB-F302-475E-835D-047BED8129FE}.Release|Any CPU.ActiveCfg = Release|Any CPU
		{C8A08CEB-F302-475E-835D-047BED8129FE}.Release|Any CPU.Build.0 = Release|Any CPU
	EndGlobalSection
	GlobalSection(SolutionProperties) = preSolution
		HideSolutionNode = FALSE
	EndGlobalSection
	GlobalSection(ExtensibilityGlobals) = postSolution
		SolutionGuid = {28EE51FD-DC5C-45D3-B887-5BC52A51BAB9}
	EndGlobalSection
EndGlobal
